
Microsoft Visual Studio Solution File, Format Version 12.00
# Visual Studio Version 17
VisualStudioVersion = 17.5.002.0
MinimumVisualStudioVersion = 10.0.40219.1
Project("{9A19103F-16F7-4668-BE54-9A1E7A4F7556}") = "CSLectures4(5)", "CSLectures4(5).csproj", "{DC517219-D089-4BA9-9EA2-184252210BC0}"
EndProject
Global
	GlobalSection(SolutionConfigurationPlatforms) = preSolution
		Debug|Any CPU = Debug|Any CPU
		Release|Any CPU = Release|Any CPU
	EndGlobalSection
	GlobalSection(ProjectConfigurationPlatforms) = postSolution
		{DC517219-D089-4BA9-9EA2-184252210BC0}.Debug|Any CPU.ActiveCfg = Debug|Any CPU
		{DC517219-D089-4BA9-9EA2-184252210BC0}.Debug|Any CPU.Build.0 = Debug|Any CPU
		{DC517219-D089-4BA9-9EA2-184252210BC0}.Release|Any CPU.ActiveCfg = Release|Any CPU
		{DC517219-D089-4BA9-9EA2-184252210BC0}.Release|Any CPU.Build.0 = Release|Any CPU
	EndGlobalSection
	GlobalSection(SolutionProperties) = preSolution
		HideSolutionNode = FALSE
	EndGlobalSection
	GlobalSection(ExtensibilityGlobals) = postSolution
		SolutionGuid = {1F7434A2-2902-4844-BE22-1FCD568345EC}
	EndGlobalSection
EndGlobal
