
Microsoft Visual Studio Solution File, Format Version 12.00
# Visual Studio Version 17
VisualStudioVersion = 17.5.002.0
MinimumVisualStudioVersion = 10.0.40219.1
Project("{9A19103F-16F7-4668-BE54-9A1E7A4F7556}") = "CSLectures6", "CSLectures6.csproj", "{1964FE01-122F-4B9F-9355-B5C9834256B2}"
EndProject
Global
	GlobalSection(SolutionConfigurationPlatforms) = preSolution
		Debug|Any CPU = Debug|Any CPU
		Release|Any CPU = Release|Any CPU
	EndGlobalSection
	GlobalSection(ProjectConfigurationPlatforms) = postSolution
		{1964FE01-122F-4B9F-9355-B5C9834256B2}.Debug|Any CPU.ActiveCfg = Debug|Any CPU
		{1964FE01-122F-4B9F-9355-B5C9834256B2}.Debug|Any CPU.Build.0 = Debug|Any CPU
		{1964FE01-122F-4B9F-9355-B5C9834256B2}.Release|Any CPU.ActiveCfg = Release|Any CPU
		{1964FE01-122F-4B9F-9355-B5C9834256B2}.Release|Any CPU.Build.0 = Release|Any CPU
	EndGlobalSection
	GlobalSection(SolutionProperties) = preSolution
		HideSolutionNode = FALSE
	EndGlobalSection
	GlobalSection(ExtensibilityGlobals) = postSolution
		SolutionGuid = {F122444F-193F-4E93-8450-C3BFF29CAD38}
	EndGlobalSection
EndGlobal
